// !$*UTF8*$!
{
	archiveVersion = 1;
	classes = {
	};
	objectVersion = 56;
	objects = {

/* Begin PBXBuildFile section */
		61BB3CC02A0BFBD000FE115E /* RoketApp.swift in Sources */ = {isa = PBXBuildFile; fileRef = 61BB3CBF2A0BFBD000FE115E /* RoketApp.swift */; };
		61BB3CC22A0BFBD000FE115E /* ContentView.swift in Sources */ = {isa = PBXBuildFile; fileRef = 61BB3CC12A0BFBD000FE115E /* ContentView.swift */; };
		61BB3CC42A0BFBD100FE115E /* Assets.xcassets in Resources */ = {isa = PBXBuildFile; fileRef = 61BB3CC32A0BFBD100FE115E /* Assets.xcassets */; };
		61BB3CC72A0BFBD100FE115E /* Preview Assets.xcassets in Resources */ = {isa = PBXBuildFile; fileRef = 61BB3CC62A0BFBD100FE115E /* Preview Assets.xcassets */; };
		61BB3CCE2A0BFCEF00FE115E /* Welcomeview.swift in Sources */ = {isa = PBXBuildFile; fileRef = 61BB3CCD2A0BFCEF00FE115E /* Welcomeview.swift */; };
		61BB3CD22A0C001500FE115E /* Background in Resources */ = {isa = PBXBuildFile; fileRef = 61BB3CD12A0C001500FE115E /* Background */; };
		61BB3CD62A0C050500FE115E /* StoriesView.swift in Sources */ = {isa = PBXBuildFile; fileRef = 61BB3CD52A0C050500FE115E /* StoriesView.swift */; };
		61CACE172A0EBD8D00ABD053 /* BoardView.swift in Sources */ = {isa = PBXBuildFile; fileRef = 61CACE162A0EBD8D00ABD053 /* BoardView.swift */; };
		61CACE1E2A0ED0AC00ABD053 /* BoardBack.png in Resources */ = {isa = PBXBuildFile; fileRef = 61CACE1D2A0ED0AC00ABD053 /* BoardBack.png */; };
/* End PBXBuildFile section */

/* Begin PBXFileReference section */
		61BB3CBC2A0BFBD000FE115E /* Roket.app */ = {isa = PBXFileReference; explicitFileType = wrapper.application; includeInIndex = 0; path = Roket.app; sourceTree = BUILT_PRODUCTS_DIR; };
		61BB3CBF2A0BFBD000FE115E /* RoketApp.swift */ = {isa = PBXFileReference; lastKnownFileType = sourcecode.swift; path = RoketApp.swift; sourceTree = "<group>"; };
		61BB3CC12A0BFBD000FE115E /* ContentView.swift */ = {isa = PBXFileReference; lastKnownFileType = sourcecode.swift; path = ContentView.swift; sourceTree = "<group>"; };
		61BB3CC32A0BFBD100FE115E /* Assets.xcassets */ = {isa = PBXFileReference; lastKnownFileType = folder.assetcatalog; path = Assets.xcassets; sourceTree = "<group>"; };
		61BB3CC62A0BFBD100FE115E /* Preview Assets.xcassets */ = {isa = PBXFileReference; lastKnownFileType = folder.assetcatalog; path = "Preview Assets.xcassets"; sourceTree = "<group>"; };
		61BB3CCD2A0BFCEF00FE115E /* Welcomeview.swift */ = {isa = PBXFileReference; lastKnownFileType = sourcecode.swift; path = Welcomeview.swift; sourceTree = "<group>"; };
		61BB3CD12A0C001500FE115E /* Background */ = {isa = PBXFileReference; lastKnownFileType = file; path = Background; sourceTree = "<group>"; };
		61BB3CD52A0C050500FE115E /* StoriesView.swift */ = {isa = PBXFileReference; lastKnownFileType = sourcecode.swift; path = StoriesView.swift; sourceTree = "<group>"; };
		61CACE162A0EBD8D00ABD053 /* BoardView.swift */ = {isa = PBXFileReference; lastKnownFileType = sourcecode.swift; path = BoardView.swift; sourceTree = "<group>"; };
		61CACE1D2A0ED0AC00ABD053 /* BoardBack.png */ = {isa = PBXFileReference; lastKnownFileType = image.png; path = BoardBack.png; sourceTree = "<group>"; };
/* End PBXFileReference section */

/* Begin PBXFrameworksBuildPhase section */
		61BB3CB92A0BFBD000FE115E /* Frameworks */ = {
			isa = PBXFrameworksBuildPhase;
			buildActionMask = 2147483647;
			files = (
			);
			runOnlyForDeploymentPostprocessing = 0;
		};
/* End PBXFrameworksBuildPhase section */

/* Begin PBXGroup section */
		61BB3CB32A0BFBD000FE115E = {
			isa = PBXGroup;
			children = (
				61BB3CBE2A0BFBD000FE115E /* Roket */,
				61BB3CBD2A0BFBD000FE115E /* Products */,
			);
			sourceTree = "<group>";
		};
		61BB3CBD2A0BFBD000FE115E /* Products */ = {
			isa = PBXGroup;
			children = (
				61BB3CBC2A0BFBD000FE115E /* Roket.app */,
			);
			name = Products;
			sourceTree = "<group>";
		};
		61BB3CBE2A0BFBD000FE115E /* Roket */ = {
			isa = PBXGroup;
			children = (
				61BB3CBF2A0BFBD000FE115E /* RoketApp.swift */,
				61BB3CC12A0BFBD000FE115E /* ContentView.swift */,
				61BB3CCD2A0BFCEF00FE115E /* Welcomeview.swift */,
				61BB3CD52A0C050500FE115E /* StoriesView.swift */,
				61CACE162A0EBD8D00ABD053 /* BoardView.swift */,
				61BB3CC32A0BFBD100FE115E /* Assets.xcassets */,
				61BB3CD12A0C001500FE115E /* Background */,
				61CACE1D2A0ED0AC00ABD053 /* BoardBack.png */,
				61BB3CC52A0BFBD100FE115E /* Preview Content */,
			);
			path = Roket;
			sourceTree = "<group>";
		};
		61BB3CC52A0BFBD100FE115E /* Preview Content */ = {
			isa = PBXGroup;
			children = (
				61BB3CC62A0BFBD100FE115E /* Preview Assets.xcassets */,
			);
			path = "Preview Content";
			sourceTree = "<group>";
		};
/* End PBXGroup section */

/* Begin PBXNativeTarget section */
		61BB3CBB2A0BFBD000FE115E /* Roket */ = {
			isa = PBXNativeTarget;
			buildConfigurationList = 61BB3CCA2A0BFBD100FE115E /* Build configuration list for PBXNativeTarget "Roket" */;
			buildPhases = (
				61BB3CB82A0BFBD000FE115E /* Sources */,
				61BB3CB92A0BFBD000FE115E /* Frameworks */,
				61BB3CBA2A0BFBD000FE115E /* Resources */,
			);
			buildRules = (
			);
			dependencies = (
			);
			name = Roket;
			productName = Roket;
			productReference = 61BB3CBC2A0BFBD000FE115E /* Roket.app */;
			productType = "com.apple.product-type.application";
		};
/* End PBXNativeTarget section */

/* Begin PBXProject section */
		61BB3CB42A0BFBD000FE115E /* Project object */ = {
			isa = PBXProject;
			attributes = {
				BuildIndependentTargetsInParallel = 1;
				LastSwiftUpdateCheck = 1430;
				LastUpgradeCheck = 1430;
				TargetAttributes = {
					61BB3CBB2A0BFBD000FE115E = {
						CreatedOnToolsVersion = 14.3;
					};
				};
			};
			buildConfigurationList = 61BB3CB72A0BFBD000FE115E /* Build configuration list for PBXProject "Roket" */;
			compatibilityVersion = "Xcode 14.0";
			developmentRegion = en;
			hasScannedForEncodings = 0;
			knownRegions = (
				en,
				Base,
			);
			mainGroup = 61BB3CB32A0BFBD000FE115E;
			productRefGroup = 61BB3CBD2A0BFBD000FE115E /* Products */;
			projectDirPath = "";
			projectRoot = "";
			targets = (
				61BB3CBB2A0BFBD000FE115E /* Roket */,
			);
		};
/* End PBXProject section */

/* Begin PBXResourcesBuildPhase section */
		61BB3CBA2A0BFBD000FE115E /* Resources */ = {
			isa = PBXResourcesBuildPhase;
			buildActionMask = 2147483647;
			files = (
				61BB3CC72A0BFBD100FE115E /* Preview Assets.xcassets in Resources */,
				61BB3CD22A0C001500FE115E /* Background in Resources */,
				61BB3CC42A0BFBD100FE115E /* Assets.xcassets in Resources */,
				61CACE1E2A0ED0AC00ABD053 /* BoardBack.png in Resources */,
			);
			runOnlyForDeploymentPostprocessing = 0;
		};
/* End PBXResourcesBuildPhase section */

/* Begin PBXSourcesBuildPhase section */
		61BB3CB82A0BFBD000FE115E /* Sources */ = {
			isa = PBXSourcesBuildPhase;
			buildActionMask = 2147483647;
			files = (
				61BB3CD62A0C050500FE115E /* StoriesView.swift in Sources */,
				61BB3CC22A0BFBD000FE115E /* ContentView.swift in Sources */,
				61CACE172A0EBD8D00ABD053 /* BoardView.swift in Sources */,
				61BB3CCE2A0BFCEF00FE115E /* Welcomeview.swift in Sources */,
				61BB3CC02A0BFBD000FE115E /* RoketApp.swift in Sources */,
			);
			runOnlyForDeploymentPostprocessing = 0;
		};
/* End PBXSourcesBuildPhase section */

/* Begin XCBuildConfiguration section */
		61BB3CC82A0BFBD100FE115E /* Debug */ = {
			isa = XCBuildConfiguration;
			buildSettings = {
				ALWAYS_SEARCH_USER_PATHS = NO;
				CLANG_ANALYZER_NONNULL = YES;
				CLANG_ANALYZER_NUMBER_OBJECT_CONVERSION = YES_AGGRESSIVE;
				CLANG_CXX_LANGUAGE_STANDARD = "gnu++20";
				CLANG_ENABLE_MODULES = YES;
				CLANG_ENABLE_OBJC_ARC = YES;
				CLANG_ENABLE_OBJC_WEAK = YES;
				CLANG_WARN_BLOCK_CAPTURE_AUTORELEASING = YES;
				CLANG_WARN_BOOL_CONVERSION = YES;
				CLANG_WARN_COMMA = YES;
				CLANG_WARN_CONSTANT_CONVERSION = YES;
				CLANG_WARN_DEPRECATED_OBJC_IMPLEMENTATIONS = YES;
				CLANG_WARN_DIRECT_OBJC_ISA_USAGE = YES_ERROR;
				CLANG_WARN_DOCUMENTATION_COMMENTS = YES;
				CLANG_WARN_EMPTY_BODY = YES;
				CLANG_WARN_ENUM_CONVERSION = YES;
				CLANG_WARN_INFINITE_RECURSION = YES;
				CLANG_WARN_INT_CONVERSION = YES;
				CLANG_WARN_NON_LITERAL_NULL_CONVERSION = YES;
				CLANG_WARN_OBJC_IMPLICIT_RETAIN_SELF = YES;
				CLANG_WARN_OBJC_LITERAL_CONVERSION = YES;
				CLANG_WARN_OBJC_ROOT_CLASS = YES_ERROR;
				CLANG_WARN_QUOTED_INCLUDE_IN_FRAMEWORK_HEADER = YES;
				CLANG_WARN_RANGE_LOOP_ANALYSIS = YES;
				CLANG_WARN_STRICT_PROTOTYPES = YES;
				CLANG_WARN_SUSPICIOUS_MOVE = YES;
				CLANG_WARN_UNGUARDED_AVAILABILITY = YES_AGGRESSIVE;
				CLANG_WARN_UNREACHABLE_CODE = YES;
				CLANG_WARN__DUPLICATE_METHOD_MATCH = YES;
				COPY_PHASE_STRIP = NO;
				DEBUG_INFORMATION_FORMAT = dwarf;
				ENABLE_STRICT_OBJC_MSGSEND = YES;
				ENABLE_TESTABILITY = YES;
				GCC_C_LANGUAGE_STANDARD = gnu11;
				GCC_DYNAMIC_NO_PIC = NO;
				GCC_NO_COMMON_BLOCKS = YES;
				GCC_OPTIMIZATION_LEVEL = 0;
				GCC_PREPROCESSOR_DEFINITIONS = (
					"DEBUG=1",
					"$(inherited)",
				);
				GCC_WARN_64_TO_32_BIT_CONVERSION = YES;
				GCC_WARN_ABOUT_RETURN_TYPE = YES_ERROR;
				GCC_WARN_UNDECLARED_SELECTOR = YES;
				GCC_WARN_UNINITIALIZED_AUTOS = YES_AGGRESSIVE;
				GCC_WARN_UNUSED_FUNCTION = YES;
				GCC_WARN_UNUSED_VARIABLE = YES;
				IPHONEOS_DEPLOYMENT_TARGET = 16.4;
				MTL_ENABLE_DEBUG_INFO = INCLUDE_SOURCE;
				MTL_FAST_MATH = YES;
				ONLY_ACTIVE_ARCH = YES;
				SDKROOT = iphoneos;
				SWIFT_ACTIVE_COMPILATION_CONDITIONS = DEBUG;
				SWIFT_OPTIMIZATION_LEVEL = "-Onone";
			};
			name = Debug;
		};
		61BB3CC92A0BFBD100FE115E /* Release */ = {
			isa = XCBuildConfiguration;
			buildSettings = {
				ALWAYS_SEARCH_USER_PATHS = NO;
				CLANG_ANALYZER_NONNULL = YES;
				CLANG_ANALYZER_NUMBER_OBJECT_CONVERSION = YES_AGGRESSIVE;
				CLANG_CXX_LANGUAGE_STANDARD = "gnu++20";
				CLANG_ENABLE_MODULES = YES;
				CLANG_ENABLE_OBJC_ARC = YES;
				CLANG_ENABLE_OBJC_WEAK = YES;
				CLANG_WARN_BLOCK_CAPTURE_AUTORELEASING = YES;
				CLANG_WARN_BOOL_CONVERSION = YES;
				CLANG_WARN_COMMA = YES;
				CLANG_WARN_CONSTANT_CONVERSION = YES;
				CLANG_WARN_DEPRECATED_OBJC_IMPLEMENTATIONS = YES;
				CLANG_WARN_DIRECT_OBJC_ISA_USAGE = YES_ERROR;
				CLANG_WARN_DOCUMENTATION_COMMENTS = YES;
				CLANG_WARN_EMPTY_BODY = YES;
				CLANG_WARN_ENUM_CONVERSION = YES;
				CLANG_WARN_INFINITE_RECURSION = YES;
				CLANG_WARN_INT_CONVERSION = YES;
				CLANG_WARN_NON_LITERAL_NULL_CONVERSION = YES;
				CLANG_WARN_OBJC_IMPLICIT_RETAIN_SELF = YES;
				CLANG_WARN_OBJC_LITERAL_CONVERSION = YES;
				CLANG_WARN_OBJC_ROOT_CLASS = YES_ERROR;
				CLANG_WARN_QUOTED_INCLUDE_IN_FRAMEWORK_HEADER = YES;
				CLANG_WARN_RANGE_LOOP_ANALYSIS = YES;
				CLANG_WARN_STRICT_PROTOTYPES = YES;
				CLANG_WARN_SUSPICIOUS_MOVE = YES;
				CLANG_WARN_UNGUARDED_AVAILABILITY = YES_AGGRESSIVE;
				CLANG_WARN_UNREACHABLE_CODE = YES;
				CLANG_WARN__DUPLICATE_METHOD_MATCH = YES;
				COPY_PHASE_STRIP = NO;
				DEBUG_INFORMATION_FORMAT = "dwarf-with-dsym";
				ENABLE_NS_ASSERTIONS = NO;
				ENABLE_STRICT_OBJC_MSGSEND = YES;
				GCC_C_LANGUAGE_STANDARD = gnu11;
				GCC_NO_COMMON_BLOCKS = YES;
				GCC_WARN_64_TO_32_BIT_CONVERSION = YES;
				GCC_WARN_ABOUT_RETURN_TYPE = YES_ERROR;
				GCC_WARN_UNDECLARED_SELECTOR = YES;
				GCC_WARN_UNINITIALIZED_AUTOS = YES_AGGRESSIVE;
				GCC_WARN_UNUSED_FUNCTION = YES;
				GCC_WARN_UNUSED_VARIABLE = YES;
				IPHONEOS_DEPLOYMENT_TARGET = 16.4;
				MTL_ENABLE_DEBUG_INFO = NO;
				MTL_FAST_MATH = YES;
				SDKROOT = iphoneos;
				SWIFT_COMPILATION_MODE = wholemodule;
				SWIFT_OPTIMIZATION_LEVEL = "-O";
				VALIDATE_PRODUCT = YES;
			};
			name = Release;
		};
		61BB3CCB2A0BFBD100FE115E /* Debug */ = {
			isa = XCBuildConfiguration;
			buildSettings = {
				ASSETCATALOG_COMPILER_APPICON_NAME = AppIcon;
				ASSETCATALOG_COMPILER_GLOBAL_ACCENT_COLOR_NAME = AccentColor;
				CODE_SIGN_STYLE = Automatic;
				CURRENT_PROJECT_VERSION = 1;
				DEVELOPMENT_ASSET_PATHS = "\"Roket/Preview Content\"";
				DEVELOPMENT_TEAM = C27B7LCUK8;
				ENABLE_PREVIEWS = YES;
				GENERATE_INFOPLIST_FILE = YES;
				INFOPLIST_KEY_UIApplicationSceneManifest_Generation = YES;
				INFOPLIST_KEY_UIApplicationSupportsIndirectInputEvents = YES;
				INFOPLIST_KEY_UILaunchScreen_Generation = YES;
				INFOPLIST_KEY_UISupportedInterfaceOrientations_iPad = "UIInterfaceOrientationPortrait UIInterfaceOrientationPortraitUpsideDown UIInterfaceOrientationLandscapeLeft UIInterfaceOrientationLandscapeRight";
				INFOPLIST_KEY_UISupportedInterfaceOrientations_iPhone = "UIInterfaceOrientationPortrait UIInterfaceOrientationLandscapeLeft UIInterfaceOrientationLandscapeRight";
				LD_RUNPATH_SEARCH_PATHS = (
					"$(inherited)",
					"@executable_path/Frameworks",
				);
				MARKETING_VERSION = 1.0;
				PRODUCT_BUNDLE_IDENTIFIER = io.canbalaman.Roket;
				PRODUCT_NAME = "$(TARGET_NAME)";
				SWIFT_EMIT_LOC_STRINGS = YES;
				SWIFT_VERSION = 5.0;
				TARGETED_DEVICE_FAMILY = "1,2";
			};
			name = Debug;
		};
		61BB3CCC2A0BFBD100FE115E /* Release */ = {
			isa = XCBuildConfiguration;
			buildSettings = {
				ASSETCATALOG_COMPILER_APPICON_NAME = AppIcon;
				ASSETCATALOG_COMPILER_GLOBAL_ACCENT_COLOR_NAME = AccentColor;
				CODE_SIGN_STYLE = Automatic;
				CURRENT_PROJECT_VERSION = 1;
				DEVELOPMENT_ASSET_PATHS = "\"Roket/Preview Content\"";
				DEVELOPMENT_TEAM = C27B7LCUK8;
				ENABLE_PREVIEWS = YES;
				GENERATE_INFOPLIST_FILE = YES;
				INFOPLIST_KEY_UIApplicationSceneManifest_Generation = YES;
				INFOPLIST_KEY_UIApplicationSupportsIndirectInputEvents = YES;
				INFOPLIST_KEY_UILaunchScreen_Generation = YES;
				INFOPLIST_KEY_UISupportedInterfaceOrientations_iPad = "UIInterfaceOrientationPortrait UIInterfaceOrientationPortraitUpsideDown UIInterfaceOrientationLandscapeLeft UIInterfaceOrientationLandscapeRight";
				INFOPLIST_KEY_UISupportedInterfaceOrientations_iPhone = "UIInterfaceOrientationPortrait UIInterfaceOrientationLandscapeLeft UIInterfaceOrientationLandscapeRight";
				LD_RUNPATH_SEARCH_PATHS = (
					"$(inherited)",
					"@executable_path/Frameworks",
				);
				MARKETING_VERSION = 1.0;
				PRODUCT_BUNDLE_IDENTIFIER = io.canbalaman.Roket;
				PRODUCT_NAME = "$(TARGET_NAME)";
				SWIFT_EMIT_LOC_STRINGS = YES;
				SWIFT_VERSION = 5.0;
				TARGETED_DEVICE_FAMILY = "1,2";
			};
			name = Release;
		};
/* End XCBuildConfiguration section */

/* Begin XCConfigurationList section */
		61BB3CB72A0BFBD000FE115E /* Build configuration list for PBXProject "Roket" */ = {
			isa = XCConfigurationList;
			buildConfigurations = (
				61BB3CC82A0BFBD100FE115E /* Debug */,
				61BB3CC92A0BFBD100FE115E /* Release */,
			);
			defaultConfigurationIsVisible = 0;
			defaultConfigurationName = Release;
		};
		61BB3CCA2A0BFBD100FE115E /* Build configuration list for PBXNativeTarget "Roket" */ = {
			isa = XCConfigurationList;
			buildConfigurations = (
				61BB3CCB2A0BFBD100FE115E /* Debug */,
				61BB3CCC2A0BFBD100FE115E /* Release */,
			);
			defaultConfigurationIsVisible = 0;
			defaultConfigurationName = Release;
		};
/* End XCConfigurationList section */
	};
	rootObject = 61BB3CB42A0BFBD000FE115E /* Project object */;
}
